
Microsoft Visual Studio Solution File, Format Version 12.00
# Visual Studio Version 16
VisualStudioVersion = 16.0.30114.105
MinimumVisualStudioVersion = 10.0.40219.1
Project("{FAE04EC0-301F-11D3-BF4B-00C04F79EFBC}") = "LEGO.Pi.Functions", "LEGO.Pi.Functions\LEGO.Pi.Functions.csproj", "{BDF85275-DB90-43C6-9CCC-617CF48D2B08}"
EndProject
Global
	GlobalSection(SolutionConfigurationPlatforms) = preSolution
		Debug|Any CPU = Debug|Any CPU
		Release|Any CPU = Release|Any CPU
	EndGlobalSection
	GlobalSection(ProjectConfigurationPlatforms) = postSolution
		{BDF85275-DB90-43C6-9CCC-617CF48D2B08}.Debug|Any CPU.ActiveCfg = Debug|Any CPU
		{BDF85275-DB90-43C6-9CCC-617CF48D2B08}.Debug|Any CPU.Build.0 = Debug|Any CPU
		{BDF85275-DB90-43C6-9CCC-617CF48D2B08}.Release|Any CPU.ActiveCfg = Release|Any CPU
		{BDF85275-DB90-43C6-9CCC-617CF48D2B08}.Release|Any CPU.Build.0 = Release|Any CPU
	EndGlobalSection
	GlobalSection(SolutionProperties) = preSolution
		HideSolutionNode = FALSE
	EndGlobalSection
	GlobalSection(ExtensibilityGlobals) = postSolution
		SolutionGuid = {5DE092B7-23B0-4DEC-A0F4-9D6DF7E8B7C3}
	EndGlobalSection
EndGlobal
